# @generated by Move, please check-in and do not edit manually.

[move]
version = 2
manifest_digest = "72CFFDF5CBD855FA3645C158BDFFFF27BA7DC8F7DF29352B7A705589B4B4C58D"
deps_digest = "F8BBB0CCB2491CA29A3DF03D6F92277A4F3574266507ACD77214D37ECA3F3082"
dependencies = [
  { name = "Sui" },
]

[[move.package]]
name = "MoveStdlib"
source = { git = "https://github.com/MystenLabs/sui.git", rev = "framework/testnet", subdir = "crates/sui-framework/packages/move-stdlib" }

[[move.package]]
name = "Sui"
source = { git = "https://github.com/MystenLabs/sui.git", rev = "framework/testnet", subdir = "crates/sui-framework/packages/sui-framework" }

dependencies = [
  { name = "MoveStdlib" },
]

[move.toolchain-version]
compiler-version = "1.32.0"
edition = "2024.beta"
flavor = "sui"

[env]

[env.test]
chain-id = "4c78adac"
original-published-id = "0xd68f52b5ce73079310513198b1825efe52cf8eb5b39c6f0b2af1c077f1a96ab9"
latest-published-id = "0xd68f52b5ce73079310513198b1825efe52cf8eb5b39c6f0b2af1c077f1a96ab9"
published-version = "1"
